
Microsoft Visual Studio Solution File, Format Version 12.00
# Visual Studio Version 16
VisualStudioVersion = 16.0.29306.81
MinimumVisualStudioVersion = 10.0.40219.1
Project("{8BC9CEB8-8B4A-11D0-8D11-00A0C91BC942}") = "rb_test", "rb_test\rb_test.vcxproj", "{5A689405-3B10-4176-B811-2EDE47974F9F}"
EndProject
Global
	GlobalSection(SolutionConfigurationPlatforms) = preSolution
		Debug|x64 = Debug|x64
		Debug|x86 = Debug|x86
		Release|x64 = Release|x64
		Release|x86 = Release|x86
	EndGlobalSection
	GlobalSection(ProjectConfigurationPlatforms) = postSolution
		{5A689405-3B10-4176-B811-2EDE47974F9F}.Debug|x64.ActiveCfg = Debug|x64
		{5A689405-3B10-4176-B811-2EDE47974F9F}.Debug|x64.Build.0 = Debug|x64
		{5A689405-3B10-4176-B811-2EDE47974F9F}.Debug|x86.ActiveCfg = Debug|Win32
		{5A689405-3B10-4176-B811-2EDE47974F9F}.Debug|x86.Build.0 = Debug|Win32
		{5A689405-3B10-4176-B811-2EDE47974F9F}.Release|x64.ActiveCfg = Release|x64
		{5A689405-3B10-4176-B811-2EDE47974F9F}.Release|x64.Build.0 = Release|x64
		{5A689405-3B10-4176-B811-2EDE47974F9F}.Release|x86.ActiveCfg = Release|Win32
		{5A689405-3B10-4176-B811-2EDE47974F9F}.Release|x86.Build.0 = Release|Win32
	EndGlobalSection
	GlobalSection(SolutionProperties) = preSolution
		HideSolutionNode = FALSE
	EndGlobalSection
	GlobalSection(ExtensibilityGlobals) = postSolution
		SolutionGuid = {8641C337-AE87-4A61-AAAD-C75E474FD875}
	EndGlobalSection
EndGlobal
